
Microsoft Visual Studio Solution File, Format Version 12.00
# Visual Studio Version 16
VisualStudioVersion = 16.0.30001.183
MinimumVisualStudioVersion = 10.0.40219.1
Project("{FAE04EC0-301F-11D3-BF4B-00C04F79EFBC}") = "Practise using Html", "Practise using Html\Practise using Html.csproj", "{0530FC72-B0C6-42AF-82D8-E3C8FB43F106}"
EndProject
Global
	GlobalSection(SolutionConfigurationPlatforms) = preSolution
		Debug|Any CPU = Debug|Any CPU
		Release|Any CPU = Release|Any CPU
	EndGlobalSection
	GlobalSection(ProjectConfigurationPlatforms) = postSolution
		{0530FC72-B0C6-42AF-82D8-E3C8FB43F106}.Debug|Any CPU.ActiveCfg = Debug|Any CPU
		{0530FC72-B0C6-42AF-82D8-E3C8FB43F106}.Debug|Any CPU.Build.0 = Debug|Any CPU
		{0530FC72-B0C6-42AF-82D8-E3C8FB43F106}.Release|Any CPU.ActiveCfg = Release|Any CPU
		{0530FC72-B0C6-42AF-82D8-E3C8FB43F106}.Release|Any CPU.Build.0 = Release|Any CPU
	EndGlobalSection
	GlobalSection(SolutionProperties) = preSolution
		HideSolutionNode = FALSE
	EndGlobalSection
	GlobalSection(ExtensibilityGlobals) = postSolution
		SolutionGuid = {228B3C67-F098-418D-837C-EB0B98A53734}
	EndGlobalSection
EndGlobal
