
Microsoft Visual Studio Solution File, Format Version 12.00
# Visual Studio Version 16
VisualStudioVersion = 16.0.30001.183
MinimumVisualStudioVersion = 10.0.40219.1
Project("{FAE04EC0-301F-11D3-BF4B-00C04F79EFBC}") = "Sign Up", "Sign Up\Sign Up.csproj", "{7AEB5365-9A38-439E-8842-13C6B4E731F5}"
EndProject
Global
	GlobalSection(SolutionConfigurationPlatforms) = preSolution
		Debug|Any CPU = Debug|Any CPU
		Release|Any CPU = Release|Any CPU
	EndGlobalSection
	GlobalSection(ProjectConfigurationPlatforms) = postSolution
		{7AEB5365-9A38-439E-8842-13C6B4E731F5}.Debug|Any CPU.ActiveCfg = Debug|Any CPU
		{7AEB5365-9A38-439E-8842-13C6B4E731F5}.Debug|Any CPU.Build.0 = Debug|Any CPU
		{7AEB5365-9A38-439E-8842-13C6B4E731F5}.Release|Any CPU.ActiveCfg = Release|Any CPU
		{7AEB5365-9A38-439E-8842-13C6B4E731F5}.Release|Any CPU.Build.0 = Release|Any CPU
	EndGlobalSection
	GlobalSection(SolutionProperties) = preSolution
		HideSolutionNode = FALSE
	EndGlobalSection
	GlobalSection(ExtensibilityGlobals) = postSolution
		SolutionGuid = {62C5B09B-AB1F-46C0-BE9E-4CE2A360A2E4}
	EndGlobalSection
EndGlobal
